
Microsoft Visual Studio Solution File, Format Version 12.00
# Visual Studio Version 17
VisualStudioVersion = 17.9.34616.47
MinimumVisualStudioVersion = 10.0.40219.1
Project("{FAE04EC0-301F-11D3-BF4B-00C04F79EFBC}") = "CompanyEmployees", "CompanyEmployees\CompanyEmployees.csproj", "{86704BE6-246A-4AF7-BA63-F26423A3E265}"
EndProject
Global
	GlobalSection(SolutionConfigurationPlatforms) = preSolution
		Debug|Any CPU = Debug|Any CPU
		Release|Any CPU = Release|Any CPU
	EndGlobalSection
	GlobalSection(ProjectConfigurationPlatforms) = postSolution
		{86704BE6-246A-4AF7-BA63-F26423A3E265}.Debug|Any CPU.ActiveCfg = Debug|Any CPU
		{86704BE6-246A-4AF7-BA63-F26423A3E265}.Debug|Any CPU.Build.0 = Debug|Any CPU
		{86704BE6-246A-4AF7-BA63-F26423A3E265}.Release|Any CPU.ActiveCfg = Release|Any CPU
		{86704BE6-246A-4AF7-BA63-F26423A3E265}.Release|Any CPU.Build.0 = Release|Any CPU
	EndGlobalSection
	GlobalSection(SolutionProperties) = preSolution
		HideSolutionNode = FALSE
	EndGlobalSection
	GlobalSection(ExtensibilityGlobals) = postSolution
		SolutionGuid = {F3A36249-7186-4955-A984-2D0A731D382C}
	EndGlobalSection
EndGlobal
